github.com/bradfitz/gomemcache v0.0.0-20230611145640-acc696258285 h1:Dr+ezPI5ivhMn/3WOoB86XzMhie146DNaBbhaQWZHMY=
github.com/bradfitz/gomemcache v0.0.0-20230611145640-acc696258285/go.mod h1:H0wQNHz2YrLsuXOZozoeDmnHXkNCRmMW0gwFWDfEZDA=
google.golang.org/protobuf v1.35.1 h1:m3LfL6/Ca+fqnjnlqQXNpFPABW1UD7mjh8KO2mKFytA=
google.golang.org/protobuf v1.35.1/go.mod h1:9fA7Ob0pmnwhb644+1+CVWFRbNajQ6iRojtC/QF5bRE=
